
Microsoft Visual Studio Solution File, Format Version 12.00
# Visual Studio Version 17
VisualStudioVersion = 17.0.31903.59
MinimumVisualStudioVersion = 10.0.40219.1
Project("{FAE04EC0-301F-11D3-BF4B-00C04F79EFBC}") = "Addendum.Core", "src\Addendum.Core\Addendum.Core.csproj", "{229A0311-55FA-A2FC-9C3B-10E850B04F6B}"
EndProject
Project("{FAE04EC0-301F-11D3-BF4B-00C04F79EFBC}") = "Addendum.Components", "src\Addendum.Components\Addendum.Components.csproj", "{B19451E3-1B2E-BCD1-A4F4-C02584C7FB7F}"
EndProject
Project("{FAE04EC0-301F-11D3-BF4B-00C04F79EFBC}") = "Addendum.Docs", "src\Addendum.Docs\Addendum.Docs\Addendum.Docs.csproj", "{1986961A-7D6C-40DD-89FB-084023A01CFB}"
EndProject
Project("{FAE04EC0-301F-11D3-BF4B-00C04F79EFBC}") = "Addendum.Docs.Client", "src\Addendum.Docs\Addendum.Docs.Client\Addendum.Docs.Client.csproj", "{66870CD9-5575-4260-812C-4D6C018AC990}"
EndProject
Global
	GlobalSection(SolutionConfigurationPlatforms) = preSolution
		Debug|Any CPU = Debug|Any CPU
		Release|Any CPU = Release|Any CPU
	EndGlobalSection
	GlobalSection(ProjectConfigurationPlatforms) = postSolution
		{229A0311-55FA-A2FC-9C3B-10E850B04F6B}.Debug|Any CPU.ActiveCfg = Debug|Any CPU
		{229A0311-55FA-A2FC-9C3B-10E850B04F6B}.Debug|Any CPU.Build.0 = Debug|Any CPU
		{229A0311-55FA-A2FC-9C3B-10E850B04F6B}.Release|Any CPU.ActiveCfg = Release|Any CPU
		{229A0311-55FA-A2FC-9C3B-10E850B04F6B}.Release|Any CPU.Build.0 = Release|Any CPU
		{B19451E3-1B2E-BCD1-A4F4-C02584C7FB7F}.Debug|Any CPU.ActiveCfg = Debug|Any CPU
		{B19451E3-1B2E-BCD1-A4F4-C02584C7FB7F}.Debug|Any CPU.Build.0 = Debug|Any CPU
		{B19451E3-1B2E-BCD1-A4F4-C02584C7FB7F}.Release|Any CPU.ActiveCfg = Release|Any CPU
		{B19451E3-1B2E-BCD1-A4F4-C02584C7FB7F}.Release|Any CPU.Build.0 = Release|Any CPU
		{1986961A-7D6C-40DD-89FB-084023A01CFB}.Debug|Any CPU.ActiveCfg = Debug|Any CPU
		{1986961A-7D6C-40DD-89FB-084023A01CFB}.Debug|Any CPU.Build.0 = Debug|Any CPU
		{1986961A-7D6C-40DD-89FB-084023A01CFB}.Release|Any CPU.ActiveCfg = Release|Any CPU
		{1986961A-7D6C-40DD-89FB-084023A01CFB}.Release|Any CPU.Build.0 = Release|Any CPU
		{66870CD9-5575-4260-812C-4D6C018AC990}.Debug|Any CPU.ActiveCfg = Debug|Any CPU
		{66870CD9-5575-4260-812C-4D6C018AC990}.Debug|Any CPU.Build.0 = Debug|Any CPU
		{66870CD9-5575-4260-812C-4D6C018AC990}.Release|Any CPU.ActiveCfg = Release|Any CPU
		{66870CD9-5575-4260-812C-4D6C018AC990}.Release|Any CPU.Build.0 = Release|Any CPU
	EndGlobalSection
	GlobalSection(SolutionProperties) = preSolution
		HideSolutionNode = FALSE
	EndGlobalSection
	GlobalSection(ExtensibilityGlobals) = postSolution
		SolutionGuid = {5BB345B4-1944-4FD7-86C3-729F9AB542BF}
	EndGlobalSection
EndGlobal
